
Microsoft Visual Studio Solution File, Format Version 12.00
# Visual Studio Version 17
VisualStudioVersion = 17.0.31903.59
MinimumVisualStudioVersion = 10.0.40219.1
Project("{2150E333-8FDC-42A3-9474-1A3956D46DE8}") = "src", "src", "{827E0CD3-B72D-47B6-A68D-7590B98EB39B}"
EndProject
Project("{FAE04EC0-301F-11D3-BF4B-00C04F79EFBC}") = "Pedia.Core", "src\Pedia.Core\Pedia.Core.csproj", "{3DEBB8E6-7C7B-42E2-8E8A-022798670C72}"
EndProject
Project("{2150E333-8FDC-42A3-9474-1A3956D46DE8}") = "tests", "tests", "{0AB3BF05-4346-4AA6-1389-037BE0695223}"
EndProject
Project("{FAE04EC0-301F-11D3-BF4B-00C04F79EFBC}") = "Pedia.Tests", "tests\Pedia.Tests\Pedia.Tests.csproj", "{317CD81B-B766-4EF9-BE30-C1A7945CB202}"
EndProject
Project("{FAE04EC0-301F-11D3-BF4B-00C04F79EFBC}") = "Pedia.App", "src\Pedia.App\Pedia.App.csproj", "{3CD43A88-525F-4EB5-8F3C-EAB42C9E5BBE}"
EndProject
Global
	GlobalSection(SolutionConfigurationPlatforms) = preSolution
		Debug|Any CPU = Debug|Any CPU
		Debug|x64 = Debug|x64
		Debug|x86 = Debug|x86
		Release|Any CPU = Release|Any CPU
		Release|x64 = Release|x64
		Release|x86 = Release|x86
	EndGlobalSection
	GlobalSection(ProjectConfigurationPlatforms) = postSolution
		{3DEBB8E6-7C7B-42E2-8E8A-022798670C72}.Debug|Any CPU.ActiveCfg = Debug|Any CPU
		{3DEBB8E6-7C7B-42E2-8E8A-022798670C72}.Debug|Any CPU.Build.0 = Debug|Any CPU
		{3DEBB8E6-7C7B-42E2-8E8A-022798670C72}.Debug|x64.ActiveCfg = Debug|Any CPU
		{3DEBB8E6-7C7B-42E2-8E8A-022798670C72}.Debug|x64.Build.0 = Debug|Any CPU
		{3DEBB8E6-7C7B-42E2-8E8A-022798670C72}.Debug|x86.ActiveCfg = Debug|Any CPU
		{3DEBB8E6-7C7B-42E2-8E8A-022798670C72}.Debug|x86.Build.0 = Debug|Any CPU
		{3DEBB8E6-7C7B-42E2-8E8A-022798670C72}.Release|Any CPU.ActiveCfg = Release|Any CPU
		{3DEBB8E6-7C7B-42E2-8E8A-022798670C72}.Release|Any CPU.Build.0 = Release|Any CPU
		{3DEBB8E6-7C7B-42E2-8E8A-022798670C72}.Release|x64.ActiveCfg = Release|Any CPU
		{3DEBB8E6-7C7B-42E2-8E8A-022798670C72}.Release|x64.Build.0 = Release|Any CPU
		{3DEBB8E6-7C7B-42E2-8E8A-022798670C72}.Release|x86.ActiveCfg = Release|Any CPU
		{3DEBB8E6-7C7B-42E2-8E8A-022798670C72}.Release|x86.Build.0 = Release|Any CPU
		{317CD81B-B766-4EF9-BE30-C1A7945CB202}.Debug|Any CPU.ActiveCfg = Debug|Any CPU
		{317CD81B-B766-4EF9-BE30-C1A7945CB202}.Debug|Any CPU.Build.0 = Debug|Any CPU
		{317CD81B-B766-4EF9-BE30-C1A7945CB202}.Debug|x64.ActiveCfg = Debug|Any CPU
		{317CD81B-B766-4EF9-BE30-C1A7945CB202}.Debug|x64.Build.0 = Debug|Any CPU
		{317CD81B-B766-4EF9-BE30-C1A7945CB202}.Debug|x86.ActiveCfg = Debug|Any CPU
		{317CD81B-B766-4EF9-BE30-C1A7945CB202}.Debug|x86.Build.0 = Debug|Any CPU
		{317CD81B-B766-4EF9-BE30-C1A7945CB202}.Release|Any CPU.ActiveCfg = Release|Any CPU
		{317CD81B-B766-4EF9-BE30-C1A7945CB202}.Release|Any CPU.Build.0 = Release|Any CPU
		{317CD81B-B766-4EF9-BE30-C1A7945CB202}.Release|x64.ActiveCfg = Release|Any CPU
		{317CD81B-B766-4EF9-BE30-C1A7945CB202}.Release|x64.Build.0 = Release|Any CPU
		{317CD81B-B766-4EF9-BE30-C1A7945CB202}.Release|x86.ActiveCfg = Release|Any CPU
		{317CD81B-B766-4EF9-BE30-C1A7945CB202}.Release|x86.Build.0 = Release|Any CPU
		{3CD43A88-525F-4EB5-8F3C-EAB42C9E5BBE}.Debug|Any CPU.ActiveCfg = Debug|x64
		{3CD43A88-525F-4EB5-8F3C-EAB42C9E5BBE}.Debug|Any CPU.Build.0 = Debug|x64
		{3CD43A88-525F-4EB5-8F3C-EAB42C9E5BBE}.Debug|x64.ActiveCfg = Debug|x64
		{3CD43A88-525F-4EB5-8F3C-EAB42C9E5BBE}.Debug|x64.Build.0 = Debug|x64
		{3CD43A88-525F-4EB5-8F3C-EAB42C9E5BBE}.Debug|x86.ActiveCfg = Debug|x64
		{3CD43A88-525F-4EB5-8F3C-EAB42C9E5BBE}.Debug|x86.Build.0 = Debug|x64
		{3CD43A88-525F-4EB5-8F3C-EAB42C9E5BBE}.Release|Any CPU.ActiveCfg = Release|x64
		{3CD43A88-525F-4EB5-8F3C-EAB42C9E5BBE}.Release|Any CPU.Build.0 = Release|x64
		{3CD43A88-525F-4EB5-8F3C-EAB42C9E5BBE}.Release|x64.ActiveCfg = Release|x64
		{3CD43A88-525F-4EB5-8F3C-EAB42C9E5BBE}.Release|x64.Build.0 = Release|x64
		{3CD43A88-525F-4EB5-8F3C-EAB42C9E5BBE}.Release|x86.ActiveCfg = Release|x64
		{3CD43A88-525F-4EB5-8F3C-EAB42C9E5BBE}.Release|x86.Build.0 = Release|x64
	EndGlobalSection
	GlobalSection(SolutionProperties) = preSolution
		HideSolutionNode = FALSE
	EndGlobalSection
	GlobalSection(NestedProjects) = preSolution
		{3DEBB8E6-7C7B-42E2-8E8A-022798670C72} = {827E0CD3-B72D-47B6-A68D-7590B98EB39B}
		{317CD81B-B766-4EF9-BE30-C1A7945CB202} = {0AB3BF05-4346-4AA6-1389-037BE0695223}
		{3CD43A88-525F-4EB5-8F3C-EAB42C9E5BBE} = {827E0CD3-B72D-47B6-A68D-7590B98EB39B}
	EndGlobalSection
EndGlobal
